// !$*UTF8*$!
{
	archiveVersion = 1;
	classes = {
	};
	objectVersion = 46;
	objects = {

/* Begin PBXBuildFile section */
		2EB426DA1B3E96AB001D51DB /* main.cpp in Sources */ = {isa = PBXBuildFile; fileRef = 2EB426D91B3E96AB001D51DB /* main.cpp */; };
/* End PBXBuildFile section */

/* Begin PBXCopyFilesBuildPhase section */
		2EB426D41B3E96AB001D51DB /* CopyFiles */ = {
			isa = PBXCopyFilesBuildPhase;
			buildActionMask = 2147483647;
			dstPath = /usr/share/man/man1/;
			dstSubfolderSpec = 0;
			files = (
			);
			runOnlyForDeploymentPostprocessing = 1;
		};
/* End PBXCopyFilesBuildPhase section */

/* Begin PBXFileReference section */
		2EB426D61B3E96AB001D51DB /* Divisibility by Eight */ = {isa = PBXFileReference; explicitFileType = "compiled.mach-o.executable"; includeInIndex = 0; path = "Divisibility by Eight"; sourceTree = BUILT_PRODUCTS_DIR; };
		2EB426D91B3E96AB001D51DB /* main.cpp */ = {isa = PBXFileReference; lastKnownFileType = sourcecode.cpp.cpp; path = main.cpp; sourceTree = "<group>"; };
/* End PBXFileReference section */

/* Begin PBXFrameworksBuildPhase section */
		2EB426D31B3E96AB001D51DB /* Frameworks */ = {
			isa = PBXFrameworksBuildPhase;
			buildActionMask = 2147483647;
			files = (
			);
			runOnlyForDeploymentPostprocessing = 0;
		};
/* End PBXFrameworksBuildPhase section */

/* Begin PBXGroup section */
		2EB426CD1B3E96AB001D51DB = {
			isa = PBXGroup;
			children = (
				2EB426D81B3E96AB001D51DB /* Divisibility by Eight */,
				2EB426D71B3E96AB001D51DB /* Products */,
			);
			sourceTree = "<group>";
		};
		2EB426D71B3E96AB001D51DB /* Products */ = {
			isa = PBXGroup;
			children = (
				2EB426D61B3E96AB001D51DB /* Divisibility by Eight */,
			);
			name = Products;
			sourceTree = "<group>";
		};
		2EB426D81B3E96AB001D51DB /* Divisibility by Eight */ = {
			isa = PBXGroup;
			children = (
				2EB426D91B3E96AB001D51DB /* main.cpp */,
			);
			path = "Divisibility by Eight";
			sourceTree = "<group>";
		};
/* End PBXGroup section */

/* Begin PBXNativeTarget section */
		2EB426D51B3E96AB001D51DB /* Divisibility by Eight */ = {
			isa = PBXNativeTarget;
			buildConfigurationList = 2EB426DD1B3E96AB001D51DB /* Build configuration list for PBXNativeTarget "Divisibility by Eight" */;
			buildPhases = (
				2EB426D21B3E96AB001D51DB /* Sources */,
				2EB426D31B3E96AB001D51DB /* Frameworks */,
				2EB426D41B3E96AB001D51DB /* CopyFiles */,
			);
			buildRules = (
			);
			dependencies = (
			);
			name = "Divisibility by Eight";
			productName = "Divisibility by Eight";
			productReference = 2EB426D61B3E96AB001D51DB /* Divisibility by Eight */;
			productType = "com.apple.product-type.tool";
		};
/* End PBXNativeTarget section */

/* Begin PBXProject section */
		2EB426CE1B3E96AB001D51DB /* Project object */ = {
			isa = PBXProject;
			attributes = {
				LastUpgradeCheck = 0620;
				ORGANIZATIONNAME = "郭子尧";
				TargetAttributes = {
					2EB426D51B3E96AB001D51DB = {
						CreatedOnToolsVersion = 6.2;
					};
				};
			};
			buildConfigurationList = 2EB426D11B3E96AB001D51DB /* Build configuration list for PBXProject "Divisibility by Eight" */;
			compatibilityVersion = "Xcode 3.2";
			developmentRegion = English;
			hasScannedForEncodings = 0;
			knownRegions = (
				en,
			);
			mainGroup = 2EB426CD1B3E96AB001D51DB;
			productRefGroup = 2EB426D71B3E96AB001D51DB /* Products */;
			projectDirPath = "";
			projectRoot = "";
			targets = (
				2EB426D51B3E96AB001D51DB /* Divisibility by Eight */,
			);
		};
/* End PBXProject section */

/* Begin PBXSourcesBuildPhase section */
		2EB426D21B3E96AB001D51DB /* Sources */ = {
			isa = PBXSourcesBuildPhase;
			buildActionMask = 2147483647;
			files = (
				2EB426DA1B3E96AB001D51DB /* main.cpp in Sources */,
			);
			runOnlyForDeploymentPostprocessing = 0;
		};
/* End PBXSourcesBuildPhase section */

/* Begin XCBuildConfiguration section */
		2EB426DB1B3E96AB001D51DB /* Debug */ = {
			isa = XCBuildConfiguration;
			buildSettings = {
				ALWAYS_SEARCH_USER_PATHS = NO;
				CLANG_CXX_LANGUAGE_STANDARD = "gnu++0x";
				CLANG_CXX_LIBRARY = "libc++";
				CLANG_ENABLE_MODULES = YES;
				CLANG_ENABLE_OBJC_ARC = YES;
				CLANG_WARN_BOOL_CONVERSION = YES;
				CLANG_WARN_CONSTANT_CONVERSION = YES;
				CLANG_WARN_DIRECT_OBJC_ISA_USAGE = YES_ERROR;
				CLANG_WARN_EMPTY_BODY = YES;
				CLANG_WARN_ENUM_CONVERSION = YES;
				CLANG_WARN_INT_CONVERSION = YES;
				CLANG_WARN_OBJC_ROOT_CLASS = YES_ERROR;
				CLANG_WARN_UNREACHABLE_CODE = YES;
				CLANG_WARN__DUPLICATE_METHOD_MATCH = YES;
				COPY_PHASE_STRIP = NO;
				ENABLE_STRICT_OBJC_MSGSEND = YES;
				GCC_C_LANGUAGE_STANDARD = gnu99;
				GCC_DYNAMIC_NO_PIC = NO;
				GCC_OPTIMIZATION_LEVEL = 0;
				GCC_PREPROCESSOR_DEFINITIONS = (
					"DEBUG=1",
					"$(inherited)",
				);
				GCC_SYMBOLS_PRIVATE_EXTERN = NO;
				GCC_WARN_64_TO_32_BIT_CONVERSION = YES;
				GCC_WARN_ABOUT_RETURN_TYPE = YES_ERROR;
				GCC_WARN_UNDECLARED_SELECTOR = YES;
				GCC_WARN_UNINITIALIZED_AUTOS = YES_AGGRESSIVE;
				GCC_WARN_UNUSED_FUNCTION = YES;
				GCC_WARN_UNUSED_VARIABLE = YES;
				MACOSX_DEPLOYMENT_TARGET = 10.10;
				MTL_ENABLE_DEBUG_INFO = YES;
				ONLY_ACTIVE_ARCH = YES;
				SDKROOT = macosx;
			};
			name = Debug;
		};
		2EB426DC1B3E96AB001D51DB /* Release */ = {
			isa = XCBuildConfiguration;
			buildSettings = {
				ALWAYS_SEARCH_USER_PATHS = NO;
				CLANG_CXX_LANGUAGE_STANDARD = "gnu++0x";
				CLANG_CXX_LIBRARY = "libc++";
				CLANG_ENABLE_MODULES = YES;
				CLANG_ENABLE_OBJC_ARC = YES;
				CLANG_WARN_BOOL_CONVERSION = YES;
				CLANG_WARN_CONSTANT_CONVERSION = YES;
				CLANG_WARN_DIRECT_OBJC_ISA_USAGE = YES_ERROR;
				CLANG_WARN_EMPTY_BODY = YES;
				CLANG_WARN_ENUM_CONVERSION = YES;
				CLANG_WARN_INT_CONVERSION = YES;
				CLANG_WARN_OBJC_ROOT_CLASS = YES_ERROR;
				CLANG_WARN_UNREACHABLE_CODE = YES;
				CLANG_WARN__DUPLICATE_METHOD_MATCH = YES;
				COPY_PHASE_STRIP = NO;
				DEBUG_INFORMATION_FORMAT = "dwarf-with-dsym";
				ENABLE_NS_ASSERTIONS = NO;
				ENABLE_STRICT_OBJC_MSGSEND = YES;
				GCC_C_LANGUAGE_STANDARD = gnu99;
				GCC_WARN_64_TO_32_BIT_CONVERSION = YES;
				GCC_WARN_ABOUT_RETURN_TYPE = YES_ERROR;
				GCC_WARN_UNDECLARED_SELECTOR = YES;
				GCC_WARN_UNINITIALIZED_AUTOS = YES_AGGRESSIVE;
				GCC_WARN_UNUSED_FUNCTION = YES;
				GCC_WARN_UNUSED_VARIABLE = YES;
				MACOSX_DEPLOYMENT_TARGET = 10.10;
				MTL_ENABLE_DEBUG_INFO = NO;
				SDKROOT = macosx;
			};
			name = Release;
		};
		2EB426DE1B3E96AB001D51DB /* Debug */ = {
			isa = XCBuildConfiguration;
			buildSettings = {
				PRODUCT_NAME = "$(TARGET_NAME)";
			};
			name = Debug;
		};
		2EB426DF1B3E96AB001D51DB /* Release */ = {
			isa = XCBuildConfiguration;
			buildSettings = {
				PRODUCT_NAME = "$(TARGET_NAME)";
			};
			name = Release;
		};
/* End XCBuildConfiguration section */

/* Begin XCConfigurationList section */
		2EB426D11B3E96AB001D51DB /* Build configuration list for PBXProject "Divisibility by Eight" */ = {
			isa = XCConfigurationList;
			buildConfigurations = (
				2EB426DB1B3E96AB001D51DB /* Debug */,
				2EB426DC1B3E96AB001D51DB /* Release */,
			);
			defaultConfigurationIsVisible = 0;
			defaultConfigurationName = Release;
		};
		2EB426DD1B3E96AB001D51DB /* Build configuration list for PBXNativeTarget "Divisibility by Eight" */ = {
			isa = XCConfigurationList;
			buildConfigurations = (
				2EB426DE1B3E96AB001D51DB /* Debug */,
				2EB426DF1B3E96AB001D51DB /* Release */,
			);
			defaultConfigurationIsVisible = 0;
		};
/* End XCConfigurationList section */
	};
	rootObject = 2EB426CE1B3E96AB001D51DB /* Project object */;
}
