// !$*UTF8*$!
{
	archiveVersion = 1;
	classes = {
	};
	objectVersion = 46;
	objects = {

/* Begin PBXBuildFile section */
		2E2CA7141B2958F900DC1357 /* main.cpp in Sources */ = {isa = PBXBuildFile; fileRef = 2E2CA7131B2958F900DC1357 /* main.cpp */; };
/* End PBXBuildFile section */

/* Begin PBXCopyFilesBuildPhase section */
		2E2CA70E1B2958F900DC1357 /* CopyFiles */ = {
			isa = PBXCopyFilesBuildPhase;
			buildActionMask = 2147483647;
			dstPath = /usr/share/man/man1/;
			dstSubfolderSpec = 0;
			files = (
			);
			runOnlyForDeploymentPostprocessing = 1;
		};
/* End PBXCopyFilesBuildPhase section */

/* Begin PBXFileReference section */
		2E2CA7101B2958F900DC1357 /* Queens, Knights and Pawns */ = {isa = PBXFileReference; explicitFileType = "compiled.mach-o.executable"; includeInIndex = 0; path = "Queens, Knights and Pawns"; sourceTree = BUILT_PRODUCTS_DIR; };
		2E2CA7131B2958F900DC1357 /* main.cpp */ = {isa = PBXFileReference; lastKnownFileType = sourcecode.cpp.cpp; path = main.cpp; sourceTree = "<group>"; };
/* End PBXFileReference section */

/* Begin PBXFrameworksBuildPhase section */
		2E2CA70D1B2958F900DC1357 /* Frameworks */ = {
			isa = PBXFrameworksBuildPhase;
			buildActionMask = 2147483647;
			files = (
			);
			runOnlyForDeploymentPostprocessing = 0;
		};
/* End PBXFrameworksBuildPhase section */

/* Begin PBXGroup section */
		2E2CA7071B2958F900DC1357 = {
			isa = PBXGroup;
			children = (
				2E2CA7121B2958F900DC1357 /* Queens, Knights and Pawns */,
				2E2CA7111B2958F900DC1357 /* Products */,
			);
			sourceTree = "<group>";
		};
		2E2CA7111B2958F900DC1357 /* Products */ = {
			isa = PBXGroup;
			children = (
				2E2CA7101B2958F900DC1357 /* Queens, Knights and Pawns */,
			);
			name = Products;
			sourceTree = "<group>";
		};
		2E2CA7121B2958F900DC1357 /* Queens, Knights and Pawns */ = {
			isa = PBXGroup;
			children = (
				2E2CA7131B2958F900DC1357 /* main.cpp */,
			);
			path = "Queens, Knights and Pawns";
			sourceTree = "<group>";
		};
/* End PBXGroup section */

/* Begin PBXNativeTarget section */
		2E2CA70F1B2958F900DC1357 /* Queens, Knights and Pawns */ = {
			isa = PBXNativeTarget;
			buildConfigurationList = 2E2CA7171B2958F900DC1357 /* Build configuration list for PBXNativeTarget "Queens, Knights and Pawns" */;
			buildPhases = (
				2E2CA70C1B2958F900DC1357 /* Sources */,
				2E2CA70D1B2958F900DC1357 /* Frameworks */,
				2E2CA70E1B2958F900DC1357 /* CopyFiles */,
			);
			buildRules = (
			);
			dependencies = (
			);
			name = "Queens, Knights and Pawns";
			productName = "Queens, Knights and Pawns";
			productReference = 2E2CA7101B2958F900DC1357 /* Queens, Knights and Pawns */;
			productType = "com.apple.product-type.tool";
		};
/* End PBXNativeTarget section */

/* Begin PBXProject section */
		2E2CA7081B2958F900DC1357 /* Project object */ = {
			isa = PBXProject;
			attributes = {
				LastUpgradeCheck = 0620;
				ORGANIZATIONNAME = "郭子尧";
				TargetAttributes = {
					2E2CA70F1B2958F900DC1357 = {
						CreatedOnToolsVersion = 6.2;
					};
				};
			};
			buildConfigurationList = 2E2CA70B1B2958F900DC1357 /* Build configuration list for PBXProject "Queens, Knights and Pawns" */;
			compatibilityVersion = "Xcode 3.2";
			developmentRegion = English;
			hasScannedForEncodings = 0;
			knownRegions = (
				en,
			);
			mainGroup = 2E2CA7071B2958F900DC1357;
			productRefGroup = 2E2CA7111B2958F900DC1357 /* Products */;
			projectDirPath = "";
			projectRoot = "";
			targets = (
				2E2CA70F1B2958F900DC1357 /* Queens, Knights and Pawns */,
			);
		};
/* End PBXProject section */

/* Begin PBXSourcesBuildPhase section */
		2E2CA70C1B2958F900DC1357 /* Sources */ = {
			isa = PBXSourcesBuildPhase;
			buildActionMask = 2147483647;
			files = (
				2E2CA7141B2958F900DC1357 /* main.cpp in Sources */,
			);
			runOnlyForDeploymentPostprocessing = 0;
		};
/* End PBXSourcesBuildPhase section */

/* Begin XCBuildConfiguration section */
		2E2CA7151B2958F900DC1357 /* Debug */ = {
			isa = XCBuildConfiguration;
			buildSettings = {
				ALWAYS_SEARCH_USER_PATHS = NO;
				CLANG_CXX_LANGUAGE_STANDARD = "gnu++0x";
				CLANG_CXX_LIBRARY = "libc++";
				CLANG_ENABLE_MODULES = YES;
				CLANG_ENABLE_OBJC_ARC = YES;
				CLANG_WARN_BOOL_CONVERSION = YES;
				CLANG_WARN_CONSTANT_CONVERSION = YES;
				CLANG_WARN_DIRECT_OBJC_ISA_USAGE = YES_ERROR;
				CLANG_WARN_EMPTY_BODY = YES;
				CLANG_WARN_ENUM_CONVERSION = YES;
				CLANG_WARN_INT_CONVERSION = YES;
				CLANG_WARN_OBJC_ROOT_CLASS = YES_ERROR;
				CLANG_WARN_UNREACHABLE_CODE = YES;
				CLANG_WARN__DUPLICATE_METHOD_MATCH = YES;
				COPY_PHASE_STRIP = NO;
				ENABLE_STRICT_OBJC_MSGSEND = YES;
				GCC_C_LANGUAGE_STANDARD = gnu99;
				GCC_DYNAMIC_NO_PIC = NO;
				GCC_OPTIMIZATION_LEVEL = 0;
				GCC_PREPROCESSOR_DEFINITIONS = (
					"DEBUG=1",
					"$(inherited)",
				);
				GCC_SYMBOLS_PRIVATE_EXTERN = NO;
				GCC_WARN_64_TO_32_BIT_CONVERSION = YES;
				GCC_WARN_ABOUT_RETURN_TYPE = YES_ERROR;
				GCC_WARN_UNDECLARED_SELECTOR = YES;
				GCC_WARN_UNINITIALIZED_AUTOS = YES_AGGRESSIVE;
				GCC_WARN_UNUSED_FUNCTION = YES;
				GCC_WARN_UNUSED_VARIABLE = YES;
				MACOSX_DEPLOYMENT_TARGET = 10.10;
				MTL_ENABLE_DEBUG_INFO = YES;
				ONLY_ACTIVE_ARCH = YES;
				SDKROOT = macosx;
			};
			name = Debug;
		};
		2E2CA7161B2958F900DC1357 /* Release */ = {
			isa = XCBuildConfiguration;
			buildSettings = {
				ALWAYS_SEARCH_USER_PATHS = NO;
				CLANG_CXX_LANGUAGE_STANDARD = "gnu++0x";
				CLANG_CXX_LIBRARY = "libc++";
				CLANG_ENABLE_MODULES = YES;
				CLANG_ENABLE_OBJC_ARC = YES;
				CLANG_WARN_BOOL_CONVERSION = YES;
				CLANG_WARN_CONSTANT_CONVERSION = YES;
				CLANG_WARN_DIRECT_OBJC_ISA_USAGE = YES_ERROR;
				CLANG_WARN_EMPTY_BODY = YES;
				CLANG_WARN_ENUM_CONVERSION = YES;
				CLANG_WARN_INT_CONVERSION = YES;
				CLANG_WARN_OBJC_ROOT_CLASS = YES_ERROR;
				CLANG_WARN_UNREACHABLE_CODE = YES;
				CLANG_WARN__DUPLICATE_METHOD_MATCH = YES;
				COPY_PHASE_STRIP = NO;
				DEBUG_INFORMATION_FORMAT = "dwarf-with-dsym";
				ENABLE_NS_ASSERTIONS = NO;
				ENABLE_STRICT_OBJC_MSGSEND = YES;
				GCC_C_LANGUAGE_STANDARD = gnu99;
				GCC_WARN_64_TO_32_BIT_CONVERSION = YES;
				GCC_WARN_ABOUT_RETURN_TYPE = YES_ERROR;
				GCC_WARN_UNDECLARED_SELECTOR = YES;
				GCC_WARN_UNINITIALIZED_AUTOS = YES_AGGRESSIVE;
				GCC_WARN_UNUSED_FUNCTION = YES;
				GCC_WARN_UNUSED_VARIABLE = YES;
				MACOSX_DEPLOYMENT_TARGET = 10.10;
				MTL_ENABLE_DEBUG_INFO = NO;
				SDKROOT = macosx;
			};
			name = Release;
		};
		2E2CA7181B2958F900DC1357 /* Debug */ = {
			isa = XCBuildConfiguration;
			buildSettings = {
				PRODUCT_NAME = "$(TARGET_NAME)";
			};
			name = Debug;
		};
		2E2CA7191B2958F900DC1357 /* Release */ = {
			isa = XCBuildConfiguration;
			buildSettings = {
				PRODUCT_NAME = "$(TARGET_NAME)";
			};
			name = Release;
		};
/* End XCBuildConfiguration section */

/* Begin XCConfigurationList section */
		2E2CA70B1B2958F900DC1357 /* Build configuration list for PBXProject "Queens, Knights and Pawns" */ = {
			isa = XCConfigurationList;
			buildConfigurations = (
				2E2CA7151B2958F900DC1357 /* Debug */,
				2E2CA7161B2958F900DC1357 /* Release */,
			);
			defaultConfigurationIsVisible = 0;
			defaultConfigurationName = Release;
		};
		2E2CA7171B2958F900DC1357 /* Build configuration list for PBXNativeTarget "Queens, Knights and Pawns" */ = {
			isa = XCConfigurationList;
			buildConfigurations = (
				2E2CA7181B2958F900DC1357 /* Debug */,
				2E2CA7191B2958F900DC1357 /* Release */,
			);
			defaultConfigurationIsVisible = 0;
		};
/* End XCConfigurationList section */
	};
	rootObject = 2E2CA7081B2958F900DC1357 /* Project object */;
}
