// !$*UTF8*$!
{
	archiveVersion = 1;
	classes = {
	};
	objectVersion = 46;
	objects = {

/* Begin PBXBuildFile section */
		2EBCEAD61B187EEF00D4258A /* main.cpp in Sources */ = {isa = PBXBuildFile; fileRef = 2EBCEAD51B187EEF00D4258A /* main.cpp */; };
/* End PBXBuildFile section */

/* Begin PBXCopyFilesBuildPhase section */
		2EBCEAD01B187EEF00D4258A /* CopyFiles */ = {
			isa = PBXCopyFilesBuildPhase;
			buildActionMask = 2147483647;
			dstPath = /usr/share/man/man1/;
			dstSubfolderSpec = 0;
			files = (
			);
			runOnlyForDeploymentPostprocessing = 1;
		};
/* End PBXCopyFilesBuildPhase section */

/* Begin PBXFileReference section */
		2EBCEAD21B187EEF00D4258A /* 哗啦啦族的01背包问题 */ = {isa = PBXFileReference; explicitFileType = "compiled.mach-o.executable"; includeInIndex = 0; path = "哗啦啦族的01背包问题"; sourceTree = BUILT_PRODUCTS_DIR; };
		2EBCEAD51B187EEF00D4258A /* main.cpp */ = {isa = PBXFileReference; lastKnownFileType = sourcecode.cpp.cpp; path = main.cpp; sourceTree = "<group>"; };
/* End PBXFileReference section */

/* Begin PBXFrameworksBuildPhase section */
		2EBCEACF1B187EEF00D4258A /* Frameworks */ = {
			isa = PBXFrameworksBuildPhase;
			buildActionMask = 2147483647;
			files = (
			);
			runOnlyForDeploymentPostprocessing = 0;
		};
/* End PBXFrameworksBuildPhase section */

/* Begin PBXGroup section */
		2EBCEAC91B187EEF00D4258A = {
			isa = PBXGroup;
			children = (
				2EBCEAD41B187EEF00D4258A /* 哗啦啦族的01背包问题 */,
				2EBCEAD31B187EEF00D4258A /* Products */,
			);
			sourceTree = "<group>";
		};
		2EBCEAD31B187EEF00D4258A /* Products */ = {
			isa = PBXGroup;
			children = (
				2EBCEAD21B187EEF00D4258A /* 哗啦啦族的01背包问题 */,
			);
			name = Products;
			sourceTree = "<group>";
		};
		2EBCEAD41B187EEF00D4258A /* 哗啦啦族的01背包问题 */ = {
			isa = PBXGroup;
			children = (
				2EBCEAD51B187EEF00D4258A /* main.cpp */,
			);
			path = "哗啦啦族的01背包问题";
			sourceTree = "<group>";
		};
/* End PBXGroup section */

/* Begin PBXNativeTarget section */
		2EBCEAD11B187EEF00D4258A /* 哗啦啦族的01背包问题 */ = {
			isa = PBXNativeTarget;
			buildConfigurationList = 2EBCEAD91B187EEF00D4258A /* Build configuration list for PBXNativeTarget "哗啦啦族的01背包问题" */;
			buildPhases = (
				2EBCEACE1B187EEF00D4258A /* Sources */,
				2EBCEACF1B187EEF00D4258A /* Frameworks */,
				2EBCEAD01B187EEF00D4258A /* CopyFiles */,
			);
			buildRules = (
			);
			dependencies = (
			);
			name = "哗啦啦族的01背包问题";
			productName = "哗啦啦族的01背包问题";
			productReference = 2EBCEAD21B187EEF00D4258A /* 哗啦啦族的01背包问题 */;
			productType = "com.apple.product-type.tool";
		};
/* End PBXNativeTarget section */

/* Begin PBXProject section */
		2EBCEACA1B187EEF00D4258A /* Project object */ = {
			isa = PBXProject;
			attributes = {
				LastUpgradeCheck = 0620;
				ORGANIZATIONNAME = "郭子尧";
				TargetAttributes = {
					2EBCEAD11B187EEF00D4258A = {
						CreatedOnToolsVersion = 6.2;
					};
				};
			};
			buildConfigurationList = 2EBCEACD1B187EEF00D4258A /* Build configuration list for PBXProject "哗啦啦族的01背包问题" */;
			compatibilityVersion = "Xcode 3.2";
			developmentRegion = English;
			hasScannedForEncodings = 0;
			knownRegions = (
				en,
			);
			mainGroup = 2EBCEAC91B187EEF00D4258A;
			productRefGroup = 2EBCEAD31B187EEF00D4258A /* Products */;
			projectDirPath = "";
			projectRoot = "";
			targets = (
				2EBCEAD11B187EEF00D4258A /* 哗啦啦族的01背包问题 */,
			);
		};
/* End PBXProject section */

/* Begin PBXSourcesBuildPhase section */
		2EBCEACE1B187EEF00D4258A /* Sources */ = {
			isa = PBXSourcesBuildPhase;
			buildActionMask = 2147483647;
			files = (
				2EBCEAD61B187EEF00D4258A /* main.cpp in Sources */,
			);
			runOnlyForDeploymentPostprocessing = 0;
		};
/* End PBXSourcesBuildPhase section */

/* Begin XCBuildConfiguration section */
		2EBCEAD71B187EEF00D4258A /* Debug */ = {
			isa = XCBuildConfiguration;
			buildSettings = {
				ALWAYS_SEARCH_USER_PATHS = NO;
				CLANG_CXX_LANGUAGE_STANDARD = "gnu++0x";
				CLANG_CXX_LIBRARY = "libc++";
				CLANG_ENABLE_MODULES = YES;
				CLANG_ENABLE_OBJC_ARC = YES;
				CLANG_WARN_BOOL_CONVERSION = YES;
				CLANG_WARN_CONSTANT_CONVERSION = YES;
				CLANG_WARN_DIRECT_OBJC_ISA_USAGE = YES_ERROR;
				CLANG_WARN_EMPTY_BODY = YES;
				CLANG_WARN_ENUM_CONVERSION = YES;
				CLANG_WARN_INT_CONVERSION = YES;
				CLANG_WARN_OBJC_ROOT_CLASS = YES_ERROR;
				CLANG_WARN_UNREACHABLE_CODE = YES;
				CLANG_WARN__DUPLICATE_METHOD_MATCH = YES;
				COPY_PHASE_STRIP = NO;
				ENABLE_STRICT_OBJC_MSGSEND = YES;
				GCC_C_LANGUAGE_STANDARD = gnu99;
				GCC_DYNAMIC_NO_PIC = NO;
				GCC_OPTIMIZATION_LEVEL = 0;
				GCC_PREPROCESSOR_DEFINITIONS = (
					"DEBUG=1",
					"$(inherited)",
				);
				GCC_SYMBOLS_PRIVATE_EXTERN = NO;
				GCC_WARN_64_TO_32_BIT_CONVERSION = YES;
				GCC_WARN_ABOUT_RETURN_TYPE = YES_ERROR;
				GCC_WARN_UNDECLARED_SELECTOR = YES;
				GCC_WARN_UNINITIALIZED_AUTOS = YES_AGGRESSIVE;
				GCC_WARN_UNUSED_FUNCTION = YES;
				GCC_WARN_UNUSED_VARIABLE = YES;
				MACOSX_DEPLOYMENT_TARGET = 10.10;
				MTL_ENABLE_DEBUG_INFO = YES;
				ONLY_ACTIVE_ARCH = YES;
				SDKROOT = macosx;
			};
			name = Debug;
		};
		2EBCEAD81B187EEF00D4258A /* Release */ = {
			isa = XCBuildConfiguration;
			buildSettings = {
				ALWAYS_SEARCH_USER_PATHS = NO;
				CLANG_CXX_LANGUAGE_STANDARD = "gnu++0x";
				CLANG_CXX_LIBRARY = "libc++";
				CLANG_ENABLE_MODULES = YES;
				CLANG_ENABLE_OBJC_ARC = YES;
				CLANG_WARN_BOOL_CONVERSION = YES;
				CLANG_WARN_CONSTANT_CONVERSION = YES;
				CLANG_WARN_DIRECT_OBJC_ISA_USAGE = YES_ERROR;
				CLANG_WARN_EMPTY_BODY = YES;
				CLANG_WARN_ENUM_CONVERSION = YES;
				CLANG_WARN_INT_CONVERSION = YES;
				CLANG_WARN_OBJC_ROOT_CLASS = YES_ERROR;
				CLANG_WARN_UNREACHABLE_CODE = YES;
				CLANG_WARN__DUPLICATE_METHOD_MATCH = YES;
				COPY_PHASE_STRIP = NO;
				DEBUG_INFORMATION_FORMAT = "dwarf-with-dsym";
				ENABLE_NS_ASSERTIONS = NO;
				ENABLE_STRICT_OBJC_MSGSEND = YES;
				GCC_C_LANGUAGE_STANDARD = gnu99;
				GCC_WARN_64_TO_32_BIT_CONVERSION = YES;
				GCC_WARN_ABOUT_RETURN_TYPE = YES_ERROR;
				GCC_WARN_UNDECLARED_SELECTOR = YES;
				GCC_WARN_UNINITIALIZED_AUTOS = YES_AGGRESSIVE;
				GCC_WARN_UNUSED_FUNCTION = YES;
				GCC_WARN_UNUSED_VARIABLE = YES;
				MACOSX_DEPLOYMENT_TARGET = 10.10;
				MTL_ENABLE_DEBUG_INFO = NO;
				SDKROOT = macosx;
			};
			name = Release;
		};
		2EBCEADA1B187EEF00D4258A /* Debug */ = {
			isa = XCBuildConfiguration;
			buildSettings = {
				PRODUCT_NAME = "$(TARGET_NAME)";
			};
			name = Debug;
		};
		2EBCEADB1B187EEF00D4258A /* Release */ = {
			isa = XCBuildConfiguration;
			buildSettings = {
				PRODUCT_NAME = "$(TARGET_NAME)";
			};
			name = Release;
		};
/* End XCBuildConfiguration section */

/* Begin XCConfigurationList section */
		2EBCEACD1B187EEF00D4258A /* Build configuration list for PBXProject "哗啦啦族的01背包问题" */ = {
			isa = XCConfigurationList;
			buildConfigurations = (
				2EBCEAD71B187EEF00D4258A /* Debug */,
				2EBCEAD81B187EEF00D4258A /* Release */,
			);
			defaultConfigurationIsVisible = 0;
			defaultConfigurationName = Release;
		};
		2EBCEAD91B187EEF00D4258A /* Build configuration list for PBXNativeTarget "哗啦啦族的01背包问题" */ = {
			isa = XCConfigurationList;
			buildConfigurations = (
				2EBCEADA1B187EEF00D4258A /* Debug */,
				2EBCEADB1B187EEF00D4258A /* Release */,
			);
			defaultConfigurationIsVisible = 0;
		};
/* End XCConfigurationList section */
	};
	rootObject = 2EBCEACA1B187EEF00D4258A /* Project object */;
}
