// !$*UTF8*$!
{
	archiveVersion = 1;
	classes = {
	};
	objectVersion = 46;
	objects = {

/* Begin PBXBuildFile section */
		2EC884E91B9EEAEC003A0BB8 /* main.cpp in Sources */ = {isa = PBXBuildFile; fileRef = 2EC884E81B9EEAEC003A0BB8 /* main.cpp */; };
/* End PBXBuildFile section */

/* Begin PBXCopyFilesBuildPhase section */
		2EC884E31B9EEAEC003A0BB8 /* CopyFiles */ = {
			isa = PBXCopyFilesBuildPhase;
			buildActionMask = 2147483647;
			dstPath = /usr/share/man/man1/;
			dstSubfolderSpec = 0;
			files = (
			);
			runOnlyForDeploymentPostprocessing = 1;
		};
/* End PBXCopyFilesBuildPhase section */

/* Begin PBXFileReference section */
		2EC884E51B9EEAEC003A0BB8 /* Cube Stacking */ = {isa = PBXFileReference; explicitFileType = "compiled.mach-o.executable"; includeInIndex = 0; path = "Cube Stacking"; sourceTree = BUILT_PRODUCTS_DIR; };
		2EC884E81B9EEAEC003A0BB8 /* main.cpp */ = {isa = PBXFileReference; lastKnownFileType = sourcecode.cpp.cpp; path = main.cpp; sourceTree = "<group>"; };
/* End PBXFileReference section */

/* Begin PBXFrameworksBuildPhase section */
		2EC884E21B9EEAEC003A0BB8 /* Frameworks */ = {
			isa = PBXFrameworksBuildPhase;
			buildActionMask = 2147483647;
			files = (
			);
			runOnlyForDeploymentPostprocessing = 0;
		};
/* End PBXFrameworksBuildPhase section */

/* Begin PBXGroup section */
		2EC884DC1B9EEAEC003A0BB8 = {
			isa = PBXGroup;
			children = (
				2EC884E71B9EEAEC003A0BB8 /* Cube Stacking */,
				2EC884E61B9EEAEC003A0BB8 /* Products */,
			);
			sourceTree = "<group>";
		};
		2EC884E61B9EEAEC003A0BB8 /* Products */ = {
			isa = PBXGroup;
			children = (
				2EC884E51B9EEAEC003A0BB8 /* Cube Stacking */,
			);
			name = Products;
			sourceTree = "<group>";
		};
		2EC884E71B9EEAEC003A0BB8 /* Cube Stacking */ = {
			isa = PBXGroup;
			children = (
				2EC884E81B9EEAEC003A0BB8 /* main.cpp */,
			);
			path = "Cube Stacking";
			sourceTree = "<group>";
		};
/* End PBXGroup section */

/* Begin PBXNativeTarget section */
		2EC884E41B9EEAEC003A0BB8 /* Cube Stacking */ = {
			isa = PBXNativeTarget;
			buildConfigurationList = 2EC884EC1B9EEAEC003A0BB8 /* Build configuration list for PBXNativeTarget "Cube Stacking" */;
			buildPhases = (
				2EC884E11B9EEAEC003A0BB8 /* Sources */,
				2EC884E21B9EEAEC003A0BB8 /* Frameworks */,
				2EC884E31B9EEAEC003A0BB8 /* CopyFiles */,
			);
			buildRules = (
			);
			dependencies = (
			);
			name = "Cube Stacking";
			productName = "Cube Stacking";
			productReference = 2EC884E51B9EEAEC003A0BB8 /* Cube Stacking */;
			productType = "com.apple.product-type.tool";
		};
/* End PBXNativeTarget section */

/* Begin PBXProject section */
		2EC884DD1B9EEAEC003A0BB8 /* Project object */ = {
			isa = PBXProject;
			attributes = {
				LastUpgradeCheck = 0620;
				ORGANIZATIONNAME = "郭子尧";
				TargetAttributes = {
					2EC884E41B9EEAEC003A0BB8 = {
						CreatedOnToolsVersion = 6.2;
					};
				};
			};
			buildConfigurationList = 2EC884E01B9EEAEC003A0BB8 /* Build configuration list for PBXProject "Cube Stacking" */;
			compatibilityVersion = "Xcode 3.2";
			developmentRegion = English;
			hasScannedForEncodings = 0;
			knownRegions = (
				en,
			);
			mainGroup = 2EC884DC1B9EEAEC003A0BB8;
			productRefGroup = 2EC884E61B9EEAEC003A0BB8 /* Products */;
			projectDirPath = "";
			projectRoot = "";
			targets = (
				2EC884E41B9EEAEC003A0BB8 /* Cube Stacking */,
			);
		};
/* End PBXProject section */

/* Begin PBXSourcesBuildPhase section */
		2EC884E11B9EEAEC003A0BB8 /* Sources */ = {
			isa = PBXSourcesBuildPhase;
			buildActionMask = 2147483647;
			files = (
				2EC884E91B9EEAEC003A0BB8 /* main.cpp in Sources */,
			);
			runOnlyForDeploymentPostprocessing = 0;
		};
/* End PBXSourcesBuildPhase section */

/* Begin XCBuildConfiguration section */
		2EC884EA1B9EEAEC003A0BB8 /* Debug */ = {
			isa = XCBuildConfiguration;
			buildSettings = {
				ALWAYS_SEARCH_USER_PATHS = NO;
				CLANG_CXX_LANGUAGE_STANDARD = "gnu++0x";
				CLANG_CXX_LIBRARY = "libc++";
				CLANG_ENABLE_MODULES = YES;
				CLANG_ENABLE_OBJC_ARC = YES;
				CLANG_WARN_BOOL_CONVERSION = YES;
				CLANG_WARN_CONSTANT_CONVERSION = YES;
				CLANG_WARN_DIRECT_OBJC_ISA_USAGE = YES_ERROR;
				CLANG_WARN_EMPTY_BODY = YES;
				CLANG_WARN_ENUM_CONVERSION = YES;
				CLANG_WARN_INT_CONVERSION = YES;
				CLANG_WARN_OBJC_ROOT_CLASS = YES_ERROR;
				CLANG_WARN_UNREACHABLE_CODE = YES;
				CLANG_WARN__DUPLICATE_METHOD_MATCH = YES;
				COPY_PHASE_STRIP = NO;
				ENABLE_STRICT_OBJC_MSGSEND = YES;
				GCC_C_LANGUAGE_STANDARD = gnu99;
				GCC_DYNAMIC_NO_PIC = NO;
				GCC_OPTIMIZATION_LEVEL = 0;
				GCC_PREPROCESSOR_DEFINITIONS = (
					"DEBUG=1",
					"$(inherited)",
				);
				GCC_SYMBOLS_PRIVATE_EXTERN = NO;
				GCC_WARN_64_TO_32_BIT_CONVERSION = YES;
				GCC_WARN_ABOUT_RETURN_TYPE = YES_ERROR;
				GCC_WARN_UNDECLARED_SELECTOR = YES;
				GCC_WARN_UNINITIALIZED_AUTOS = YES_AGGRESSIVE;
				GCC_WARN_UNUSED_FUNCTION = YES;
				GCC_WARN_UNUSED_VARIABLE = YES;
				MACOSX_DEPLOYMENT_TARGET = 10.10;
				MTL_ENABLE_DEBUG_INFO = YES;
				ONLY_ACTIVE_ARCH = YES;
				SDKROOT = macosx;
			};
			name = Debug;
		};
		2EC884EB1B9EEAEC003A0BB8 /* Release */ = {
			isa = XCBuildConfiguration;
			buildSettings = {
				ALWAYS_SEARCH_USER_PATHS = NO;
				CLANG_CXX_LANGUAGE_STANDARD = "gnu++0x";
				CLANG_CXX_LIBRARY = "libc++";
				CLANG_ENABLE_MODULES = YES;
				CLANG_ENABLE_OBJC_ARC = YES;
				CLANG_WARN_BOOL_CONVERSION = YES;
				CLANG_WARN_CONSTANT_CONVERSION = YES;
				CLANG_WARN_DIRECT_OBJC_ISA_USAGE = YES_ERROR;
				CLANG_WARN_EMPTY_BODY = YES;
				CLANG_WARN_ENUM_CONVERSION = YES;
				CLANG_WARN_INT_CONVERSION = YES;
				CLANG_WARN_OBJC_ROOT_CLASS = YES_ERROR;
				CLANG_WARN_UNREACHABLE_CODE = YES;
				CLANG_WARN__DUPLICATE_METHOD_MATCH = YES;
				COPY_PHASE_STRIP = NO;
				DEBUG_INFORMATION_FORMAT = "dwarf-with-dsym";
				ENABLE_NS_ASSERTIONS = NO;
				ENABLE_STRICT_OBJC_MSGSEND = YES;
				GCC_C_LANGUAGE_STANDARD = gnu99;
				GCC_WARN_64_TO_32_BIT_CONVERSION = YES;
				GCC_WARN_ABOUT_RETURN_TYPE = YES_ERROR;
				GCC_WARN_UNDECLARED_SELECTOR = YES;
				GCC_WARN_UNINITIALIZED_AUTOS = YES_AGGRESSIVE;
				GCC_WARN_UNUSED_FUNCTION = YES;
				GCC_WARN_UNUSED_VARIABLE = YES;
				MACOSX_DEPLOYMENT_TARGET = 10.10;
				MTL_ENABLE_DEBUG_INFO = NO;
				SDKROOT = macosx;
			};
			name = Release;
		};
		2EC884ED1B9EEAEC003A0BB8 /* Debug */ = {
			isa = XCBuildConfiguration;
			buildSettings = {
				PRODUCT_NAME = "$(TARGET_NAME)";
			};
			name = Debug;
		};
		2EC884EE1B9EEAEC003A0BB8 /* Release */ = {
			isa = XCBuildConfiguration;
			buildSettings = {
				PRODUCT_NAME = "$(TARGET_NAME)";
			};
			name = Release;
		};
/* End XCBuildConfiguration section */

/* Begin XCConfigurationList section */
		2EC884E01B9EEAEC003A0BB8 /* Build configuration list for PBXProject "Cube Stacking" */ = {
			isa = XCConfigurationList;
			buildConfigurations = (
				2EC884EA1B9EEAEC003A0BB8 /* Debug */,
				2EC884EB1B9EEAEC003A0BB8 /* Release */,
			);
			defaultConfigurationIsVisible = 0;
			defaultConfigurationName = Release;
		};
		2EC884EC1B9EEAEC003A0BB8 /* Build configuration list for PBXNativeTarget "Cube Stacking" */ = {
			isa = XCConfigurationList;
			buildConfigurations = (
				2EC884ED1B9EEAEC003A0BB8 /* Debug */,
				2EC884EE1B9EEAEC003A0BB8 /* Release */,
			);
			defaultConfigurationIsVisible = 0;
		};
/* End XCConfigurationList section */
	};
	rootObject = 2EC884DD1B9EEAEC003A0BB8 /* Project object */;
}
