// !$*UTF8*$!
{
	archiveVersion = 1;
	classes = {
	};
	objectVersion = 46;
	objects = {

/* Begin PBXBuildFile section */
		2EB1F15D1B0C7FF500DFB952 /* main.cpp in Sources */ = {isa = PBXBuildFile; fileRef = 2EB1F15C1B0C7FF500DFB952 /* main.cpp */; };
/* End PBXBuildFile section */

/* Begin PBXCopyFilesBuildPhase section */
		2EB1F1571B0C7FF500DFB952 /* CopyFiles */ = {
			isa = PBXCopyFilesBuildPhase;
			buildActionMask = 2147483647;
			dstPath = /usr/share/man/man1/;
			dstSubfolderSpec = 0;
			files = (
			);
			runOnlyForDeploymentPostprocessing = 1;
		};
/* End PBXCopyFilesBuildPhase section */

/* Begin PBXFileReference section */
		2EB1F1591B0C7FF500DFB952 /* Largest Rectangle in a Histogram */ = {isa = PBXFileReference; explicitFileType = "compiled.mach-o.executable"; includeInIndex = 0; path = "Largest Rectangle in a Histogram"; sourceTree = BUILT_PRODUCTS_DIR; };
		2EB1F15C1B0C7FF500DFB952 /* main.cpp */ = {isa = PBXFileReference; lastKnownFileType = sourcecode.cpp.cpp; path = main.cpp; sourceTree = "<group>"; };
/* End PBXFileReference section */

/* Begin PBXFrameworksBuildPhase section */
		2EB1F1561B0C7FF500DFB952 /* Frameworks */ = {
			isa = PBXFrameworksBuildPhase;
			buildActionMask = 2147483647;
			files = (
			);
			runOnlyForDeploymentPostprocessing = 0;
		};
/* End PBXFrameworksBuildPhase section */

/* Begin PBXGroup section */
		2EB1F1501B0C7FF500DFB952 = {
			isa = PBXGroup;
			children = (
				2EB1F15B1B0C7FF500DFB952 /* Largest Rectangle in a Histogram */,
				2EB1F15A1B0C7FF500DFB952 /* Products */,
			);
			sourceTree = "<group>";
		};
		2EB1F15A1B0C7FF500DFB952 /* Products */ = {
			isa = PBXGroup;
			children = (
				2EB1F1591B0C7FF500DFB952 /* Largest Rectangle in a Histogram */,
			);
			name = Products;
			sourceTree = "<group>";
		};
		2EB1F15B1B0C7FF500DFB952 /* Largest Rectangle in a Histogram */ = {
			isa = PBXGroup;
			children = (
				2EB1F15C1B0C7FF500DFB952 /* main.cpp */,
			);
			path = "Largest Rectangle in a Histogram";
			sourceTree = "<group>";
		};
/* End PBXGroup section */

/* Begin PBXNativeTarget section */
		2EB1F1581B0C7FF500DFB952 /* Largest Rectangle in a Histogram */ = {
			isa = PBXNativeTarget;
			buildConfigurationList = 2EB1F1601B0C7FF500DFB952 /* Build configuration list for PBXNativeTarget "Largest Rectangle in a Histogram" */;
			buildPhases = (
				2EB1F1551B0C7FF500DFB952 /* Sources */,
				2EB1F1561B0C7FF500DFB952 /* Frameworks */,
				2EB1F1571B0C7FF500DFB952 /* CopyFiles */,
			);
			buildRules = (
			);
			dependencies = (
			);
			name = "Largest Rectangle in a Histogram";
			productName = "Largest Rectangle in a Histogram";
			productReference = 2EB1F1591B0C7FF500DFB952 /* Largest Rectangle in a Histogram */;
			productType = "com.apple.product-type.tool";
		};
/* End PBXNativeTarget section */

/* Begin PBXProject section */
		2EB1F1511B0C7FF500DFB952 /* Project object */ = {
			isa = PBXProject;
			attributes = {
				LastUpgradeCheck = 0620;
				ORGANIZATIONNAME = "郭子尧";
				TargetAttributes = {
					2EB1F1581B0C7FF500DFB952 = {
						CreatedOnToolsVersion = 6.2;
					};
				};
			};
			buildConfigurationList = 2EB1F1541B0C7FF500DFB952 /* Build configuration list for PBXProject "Largest Rectangle in a Histogram" */;
			compatibilityVersion = "Xcode 3.2";
			developmentRegion = English;
			hasScannedForEncodings = 0;
			knownRegions = (
				en,
			);
			mainGroup = 2EB1F1501B0C7FF500DFB952;
			productRefGroup = 2EB1F15A1B0C7FF500DFB952 /* Products */;
			projectDirPath = "";
			projectRoot = "";
			targets = (
				2EB1F1581B0C7FF500DFB952 /* Largest Rectangle in a Histogram */,
			);
		};
/* End PBXProject section */

/* Begin PBXSourcesBuildPhase section */
		2EB1F1551B0C7FF500DFB952 /* Sources */ = {
			isa = PBXSourcesBuildPhase;
			buildActionMask = 2147483647;
			files = (
				2EB1F15D1B0C7FF500DFB952 /* main.cpp in Sources */,
			);
			runOnlyForDeploymentPostprocessing = 0;
		};
/* End PBXSourcesBuildPhase section */

/* Begin XCBuildConfiguration section */
		2EB1F15E1B0C7FF500DFB952 /* Debug */ = {
			isa = XCBuildConfiguration;
			buildSettings = {
				ALWAYS_SEARCH_USER_PATHS = NO;
				CLANG_CXX_LANGUAGE_STANDARD = "gnu++0x";
				CLANG_CXX_LIBRARY = "libc++";
				CLANG_ENABLE_MODULES = YES;
				CLANG_ENABLE_OBJC_ARC = YES;
				CLANG_WARN_BOOL_CONVERSION = YES;
				CLANG_WARN_CONSTANT_CONVERSION = YES;
				CLANG_WARN_DIRECT_OBJC_ISA_USAGE = YES_ERROR;
				CLANG_WARN_EMPTY_BODY = YES;
				CLANG_WARN_ENUM_CONVERSION = YES;
				CLANG_WARN_INT_CONVERSION = YES;
				CLANG_WARN_OBJC_ROOT_CLASS = YES_ERROR;
				CLANG_WARN_UNREACHABLE_CODE = YES;
				CLANG_WARN__DUPLICATE_METHOD_MATCH = YES;
				COPY_PHASE_STRIP = NO;
				ENABLE_STRICT_OBJC_MSGSEND = YES;
				GCC_C_LANGUAGE_STANDARD = gnu99;
				GCC_DYNAMIC_NO_PIC = NO;
				GCC_OPTIMIZATION_LEVEL = 0;
				GCC_PREPROCESSOR_DEFINITIONS = (
					"DEBUG=1",
					"$(inherited)",
				);
				GCC_SYMBOLS_PRIVATE_EXTERN = NO;
				GCC_WARN_64_TO_32_BIT_CONVERSION = YES;
				GCC_WARN_ABOUT_RETURN_TYPE = YES_ERROR;
				GCC_WARN_UNDECLARED_SELECTOR = YES;
				GCC_WARN_UNINITIALIZED_AUTOS = YES_AGGRESSIVE;
				GCC_WARN_UNUSED_FUNCTION = YES;
				GCC_WARN_UNUSED_VARIABLE = YES;
				MACOSX_DEPLOYMENT_TARGET = 10.10;
				MTL_ENABLE_DEBUG_INFO = YES;
				ONLY_ACTIVE_ARCH = YES;
				SDKROOT = macosx;
			};
			name = Debug;
		};
		2EB1F15F1B0C7FF500DFB952 /* Release */ = {
			isa = XCBuildConfiguration;
			buildSettings = {
				ALWAYS_SEARCH_USER_PATHS = NO;
				CLANG_CXX_LANGUAGE_STANDARD = "gnu++0x";
				CLANG_CXX_LIBRARY = "libc++";
				CLANG_ENABLE_MODULES = YES;
				CLANG_ENABLE_OBJC_ARC = YES;
				CLANG_WARN_BOOL_CONVERSION = YES;
				CLANG_WARN_CONSTANT_CONVERSION = YES;
				CLANG_WARN_DIRECT_OBJC_ISA_USAGE = YES_ERROR;
				CLANG_WARN_EMPTY_BODY = YES;
				CLANG_WARN_ENUM_CONVERSION = YES;
				CLANG_WARN_INT_CONVERSION = YES;
				CLANG_WARN_OBJC_ROOT_CLASS = YES_ERROR;
				CLANG_WARN_UNREACHABLE_CODE = YES;
				CLANG_WARN__DUPLICATE_METHOD_MATCH = YES;
				COPY_PHASE_STRIP = NO;
				DEBUG_INFORMATION_FORMAT = "dwarf-with-dsym";
				ENABLE_NS_ASSERTIONS = NO;
				ENABLE_STRICT_OBJC_MSGSEND = YES;
				GCC_C_LANGUAGE_STANDARD = gnu99;
				GCC_WARN_64_TO_32_BIT_CONVERSION = YES;
				GCC_WARN_ABOUT_RETURN_TYPE = YES_ERROR;
				GCC_WARN_UNDECLARED_SELECTOR = YES;
				GCC_WARN_UNINITIALIZED_AUTOS = YES_AGGRESSIVE;
				GCC_WARN_UNUSED_FUNCTION = YES;
				GCC_WARN_UNUSED_VARIABLE = YES;
				MACOSX_DEPLOYMENT_TARGET = 10.10;
				MTL_ENABLE_DEBUG_INFO = NO;
				SDKROOT = macosx;
			};
			name = Release;
		};
		2EB1F1611B0C7FF500DFB952 /* Debug */ = {
			isa = XCBuildConfiguration;
			buildSettings = {
				PRODUCT_NAME = "$(TARGET_NAME)";
			};
			name = Debug;
		};
		2EB1F1621B0C7FF500DFB952 /* Release */ = {
			isa = XCBuildConfiguration;
			buildSettings = {
				PRODUCT_NAME = "$(TARGET_NAME)";
			};
			name = Release;
		};
/* End XCBuildConfiguration section */

/* Begin XCConfigurationList section */
		2EB1F1541B0C7FF500DFB952 /* Build configuration list for PBXProject "Largest Rectangle in a Histogram" */ = {
			isa = XCConfigurationList;
			buildConfigurations = (
				2EB1F15E1B0C7FF500DFB952 /* Debug */,
				2EB1F15F1B0C7FF500DFB952 /* Release */,
			);
			defaultConfigurationIsVisible = 0;
			defaultConfigurationName = Release;
		};
		2EB1F1601B0C7FF500DFB952 /* Build configuration list for PBXNativeTarget "Largest Rectangle in a Histogram" */ = {
			isa = XCConfigurationList;
			buildConfigurations = (
				2EB1F1611B0C7FF500DFB952 /* Debug */,
				2EB1F1621B0C7FF500DFB952 /* Release */,
			);
			defaultConfigurationIsVisible = 0;
		};
/* End XCConfigurationList section */
	};
	rootObject = 2EB1F1511B0C7FF500DFB952 /* Project object */;
}
